
Microsoft Visual Studio Solution File, Format Version 12.00
# Visual Studio Version 16
VisualStudioVersion = 16.0.31624.102
MinimumVisualStudioVersion = 10.0.40219.1
Project("{FAE04EC0-301F-11D3-BF4B-00C04F79EFBC}") = "TextEditor", "TextEditor\TextEditor.csproj", "{BF0B7FD5-E6E8-4EA4-A1A5-E4D838D0CC22}"
EndProject
Global
	GlobalSection(SolutionConfigurationPlatforms) = preSolution
		Debug|Any CPU = Debug|Any CPU
		Release|Any CPU = Release|Any CPU
	EndGlobalSection
	GlobalSection(ProjectConfigurationPlatforms) = postSolution
		{BF0B7FD5-E6E8-4EA4-A1A5-E4D838D0CC22}.Debug|Any CPU.ActiveCfg = Debug|Any CPU
		{BF0B7FD5-E6E8-4EA4-A1A5-E4D838D0CC22}.Debug|Any CPU.Build.0 = Debug|Any CPU
		{BF0B7FD5-E6E8-4EA4-A1A5-E4D838D0CC22}.Release|Any CPU.ActiveCfg = Release|Any CPU
		{BF0B7FD5-E6E8-4EA4-A1A5-E4D838D0CC22}.Release|Any CPU.Build.0 = Release|Any CPU
	EndGlobalSection
	GlobalSection(SolutionProperties) = preSolution
		HideSolutionNode = FALSE
	EndGlobalSection
	GlobalSection(ExtensibilityGlobals) = postSolution
		SolutionGuid = {5B3BE8E2-3447-4861-A14C-6D466EF852AB}
	EndGlobalSection
EndGlobal
